// !$*UTF8*$!
{
	archiveVersion = 1;
	classes = {
	};
	objectVersion = 50;
	objects = {

/* Begin PBXBuildFile section */
		8DC1C00923C6BFD5001C29BD /* AppDelegate.swift in Sources */ = {isa = PBXBuildFile; fileRef = 8DC1C00823C6BFD5001C29BD /* AppDelegate.swift */; };
		8DC1C00B23C6BFD5001C29BD /* SceneDelegate.swift in Sources */ = {isa = PBXBuildFile; fileRef = 8DC1C00A23C6BFD5001C29BD /* SceneDelegate.swift */; };
		8DC1C00D23C6BFD5001C29BD /* ViewController.swift in Sources */ = {isa = PBXBuildFile; fileRef = 8DC1C00C23C6BFD5001C29BD /* ViewController.swift */; };
		8DC1C01023C6BFD5001C29BD /* Main.storyboard in Resources */ = {isa = PBXBuildFile; fileRef = 8DC1C00E23C6BFD5001C29BD /* Main.storyboard */; };
		8DC1C01223C6BFD6001C29BD /* Assets.xcassets in Resources */ = {isa = PBXBuildFile; fileRef = 8DC1C01123C6BFD6001C29BD /* Assets.xcassets */; };
		8DC1C01523C6BFD6001C29BD /* LaunchScreen.storyboard in Resources */ = {isa = PBXBuildFile; fileRef = 8DC1C01323C6BFD6001C29BD /* LaunchScreen.storyboard */; };
/* End PBXBuildFile section */

/* Begin PBXFileReference section */
		8DC1C00523C6BFD5001C29BD /* ReviewGitProject.app */ = {isa = PBXFileReference; explicitFileType = wrapper.application; includeInIndex = 0; path = ReviewGitProject.app; sourceTree = BUILT_PRODUCTS_DIR; };
		8DC1C00823C6BFD5001C29BD /* AppDelegate.swift */ = {isa = PBXFileReference; lastKnownFileType = sourcecode.swift; path = AppDelegate.swift; sourceTree = "<group>"; };
		8DC1C00A23C6BFD5001C29BD /* SceneDelegate.swift */ = {isa = PBXFileReference; lastKnownFileType = sourcecode.swift; path = SceneDelegate.swift; sourceTree = "<group>"; };
		8DC1C00C23C6BFD5001C29BD /* ViewController.swift */ = {isa = PBXFileReference; lastKnownFileType = sourcecode.swift; path = ViewController.swift; sourceTree = "<group>"; };
		8DC1C00F23C6BFD5001C29BD /* Base */ = {isa = PBXFileReference; lastKnownFileType = file.storyboard; name = Base; path = Base.lproj/Main.storyboard; sourceTree = "<group>"; };
		8DC1C01123C6BFD6001C29BD /* Assets.xcassets */ = {isa = PBXFileReference; lastKnownFileType = folder.assetcatalog; path = Assets.xcassets; sourceTree = "<group>"; };
		8DC1C01423C6BFD6001C29BD /* Base */ = {isa = PBXFileReference; lastKnownFileType = file.storyboard; name = Base; path = Base.lproj/LaunchScreen.storyboard; sourceTree = "<group>"; };
		8DC1C01623C6BFD6001C29BD /* Info.plist */ = {isa = PBXFileReference; lastKnownFileType = text.plist.xml; path = Info.plist; sourceTree = "<group>"; };
/* End PBXFileReference section */

/* Begin PBXFrameworksBuildPhase section */
		8DC1C00223C6BFD5001C29BD /* Frameworks */ = {
			isa = PBXFrameworksBuildPhase;
			buildActionMask = 2147483647;
			files = (
			);
			runOnlyForDeploymentPostprocessing = 0;
		};
/* End PBXFrameworksBuildPhase section */

/* Begin PBXGroup section */
		8DC1BFFC23C6BFD5001C29BD = {
			isa = PBXGroup;
			children = (
				8DC1C00723C6BFD5001C29BD /* ReviewGitProject */,
				8DC1C00623C6BFD5001C29BD /* Products */,
			);
			sourceTree = "<group>";
		};
		8DC1C00623C6BFD5001C29BD /* Products */ = {
			isa = PBXGroup;
			children = (
				8DC1C00523C6BFD5001C29BD /* ReviewGitProject.app */,
			);
			name = Products;
			sourceTree = "<group>";
		};
		8DC1C00723C6BFD5001C29BD /* ReviewGitProject */ = {
			isa = PBXGroup;
			children = (
				8DC1C00823C6BFD5001C29BD /* AppDelegate.swift */,
				8DC1C00A23C6BFD5001C29BD /* SceneDelegate.swift */,
				8DC1C00C23C6BFD5001C29BD /* ViewController.swift */,
				8DC1C00E23C6BFD5001C29BD /* Main.storyboard */,
				8DC1C01123C6BFD6001C29BD /* Assets.xcassets */,
				8DC1C01323C6BFD6001C29BD /* LaunchScreen.storyboard */,
				8DC1C01623C6BFD6001C29BD /* Info.plist */,
			);
			path = ReviewGitProject;
			sourceTree = "<group>";
		};
/* End PBXGroup section */

/* Begin PBXNativeTarget section */
		8DC1C00423C6BFD5001C29BD /* ReviewGitProject */ = {
			isa = PBXNativeTarget;
			buildConfigurationList = 8DC1C01923C6BFD6001C29BD /* Build configuration list for PBXNativeTarget "ReviewGitProject" */;
			buildPhases = (
				8DC1C00123C6BFD5001C29BD /* Sources */,
				8DC1C00223C6BFD5001C29BD /* Frameworks */,
				8DC1C00323C6BFD5001C29BD /* Resources */,
			);
			buildRules = (
			);
			dependencies = (
			);
			name = ReviewGitProject;
			productName = ReviewGitProject;
			productReference = 8DC1C00523C6BFD5001C29BD /* ReviewGitProject.app */;
			productType = "com.apple.product-type.application";
		};
/* End PBXNativeTarget section */

/* Begin PBXProject section */
		8DC1BFFD23C6BFD5001C29BD /* Project object */ = {
			isa = PBXProject;
			attributes = {
				LastSwiftUpdateCheck = 1130;
				LastUpgradeCheck = 1130;
				ORGANIZATIONNAME = "中塚富士雄";
				TargetAttributes = {
					8DC1C00423C6BFD5001C29BD = {
						CreatedOnToolsVersion = 11.3;
					};
				};
			};
			buildConfigurationList = 8DC1C00023C6BFD5001C29BD /* Build configuration list for PBXProject "ReviewGitProject" */;
			compatibilityVersion = "Xcode 9.3";
			developmentRegion = en;
			hasScannedForEncodings = 0;
			knownRegions = (
				en,
				Base,
			);
			mainGroup = 8DC1BFFC23C6BFD5001C29BD;
			productRefGroup = 8DC1C00623C6BFD5001C29BD /* Products */;
			projectDirPath = "";
			projectRoot = "";
			targets = (
				8DC1C00423C6BFD5001C29BD /* ReviewGitProject */,
			);
		};
/* End PBXProject section */

/* Begin PBXResourcesBuildPhase section */
		8DC1C00323C6BFD5001C29BD /* Resources */ = {
			isa = PBXResourcesBuildPhase;
			buildActionMask = 2147483647;
			files = (
				8DC1C01523C6BFD6001C29BD /* LaunchScreen.storyboard in Resources */,
				8DC1C01223C6BFD6001C29BD /* Assets.xcassets in Resources */,
				8DC1C01023C6BFD5001C29BD /* Main.storyboard in Resources */,
			);
			runOnlyForDeploymentPostprocessing = 0;
		};
/* End PBXResourcesBuildPhase section */

/* Begin PBXSourcesBuildPhase section */
		8DC1C00123C6BFD5001C29BD /* Sources */ = {
			isa = PBXSourcesBuildPhase;
			buildActionMask = 2147483647;
			files = (
				8DC1C00D23C6BFD5001C29BD /* ViewController.swift in Sources */,
				8DC1C00923C6BFD5001C29BD /* AppDelegate.swift in Sources */,
				8DC1C00B23C6BFD5001C29BD /* SceneDelegate.swift in Sources */,
			);
			runOnlyForDeploymentPostprocessing = 0;
		};
/* End PBXSourcesBuildPhase section */

/* Begin PBXVariantGroup section */
		8DC1C00E23C6BFD5001C29BD /* Main.storyboard */ = {
			isa = PBXVariantGroup;
			children = (
				8DC1C00F23C6BFD5001C29BD /* Base */,
			);
			name = Main.storyboard;
			sourceTree = "<group>";
		};
		8DC1C01323C6BFD6001C29BD /* LaunchScreen.storyboard */ = {
			isa = PBXVariantGroup;
			children = (
				8DC1C01423C6BFD6001C29BD /* Base */,
			);
			name = LaunchScreen.storyboard;
			sourceTree = "<group>";
		};
/* End PBXVariantGroup section */

/* Begin XCBuildConfiguration section */
		8DC1C01723C6BFD6001C29BD /* Debug */ = {
			isa = XCBuildConfiguration;
			buildSettings = {
				ALWAYS_SEARCH_USER_PATHS = NO;
				CLANG_ANALYZER_NONNULL = YES;
				CLANG_ANALYZER_NUMBER_OBJECT_CONVERSION = YES_AGGRESSIVE;
				CLANG_CXX_LANGUAGE_STANDARD = "gnu++14";
				CLANG_CXX_LIBRARY = "libc++";
				CLANG_ENABLE_MODULES = YES;
				CLANG_ENABLE_OBJC_ARC = YES;
				CLANG_ENABLE_OBJC_WEAK = YES;
				CLANG_WARN_BLOCK_CAPTURE_AUTORELEASING = YES;
				CLANG_WARN_BOOL_CONVERSION = YES;
				CLANG_WARN_COMMA = YES;
				CLANG_WARN_CONSTANT_CONVERSION = YES;
				CLANG_WARN_DEPRECATED_OBJC_IMPLEMENTATIONS = YES;
				CLANG_WARN_DIRECT_OBJC_ISA_USAGE = YES_ERROR;
				CLANG_WARN_DOCUMENTATION_COMMENTS = YES;
				CLANG_WARN_EMPTY_BODY = YES;
				CLANG_WARN_ENUM_CONVERSION = YES;
				CLANG_WARN_INFINITE_RECURSION = YES;
				CLANG_WARN_INT_CONVERSION = YES;
				CLANG_WARN_NON_LITERAL_NULL_CONVERSION = YES;
				CLANG_WARN_OBJC_IMPLICIT_RETAIN_SELF = YES;
				CLANG_WARN_OBJC_LITERAL_CONVERSION = YES;
				CLANG_WARN_OBJC_ROOT_CLASS = YES_ERROR;
				CLANG_WARN_RANGE_LOOP_ANALYSIS = YES;
				CLANG_WARN_STRICT_PROTOTYPES = YES;
				CLANG_WARN_SUSPICIOUS_MOVE = YES;
				CLANG_WARN_UNGUARDED_AVAILABILITY = YES_AGGRESSIVE;
				CLANG_WARN_UNREACHABLE_CODE = YES;
				CLANG_WARN__DUPLICATE_METHOD_MATCH = YES;
				COPY_PHASE_STRIP = NO;
				DEBUG_INFORMATION_FORMAT = dwarf;
				ENABLE_STRICT_OBJC_MSGSEND = YES;
				ENABLE_TESTABILITY = YES;
				GCC_C_LANGUAGE_STANDARD = gnu11;
				GCC_DYNAMIC_NO_PIC = NO;
				GCC_NO_COMMON_BLOCKS = YES;
				GCC_OPTIMIZATION_LEVEL = 0;
				GCC_PREPROCESSOR_DEFINITIONS = (
					"DEBUG=1",
					"$(inherited)",
				);
				GCC_WARN_64_TO_32_BIT_CONVERSION = YES;
				GCC_WARN_ABOUT_RETURN_TYPE = YES_ERROR;
				GCC_WARN_UNDECLARED_SELECTOR = YES;
				GCC_WARN_UNINITIALIZED_AUTOS = YES_AGGRESSIVE;
				GCC_WARN_UNUSED_FUNCTION = YES;
				GCC_WARN_UNUSED_VARIABLE = YES;
				IPHONEOS_DEPLOYMENT_TARGET = 13.2;
				MTL_ENABLE_DEBUG_INFO = INCLUDE_SOURCE;
				MTL_FAST_MATH = YES;
				ONLY_ACTIVE_ARCH = YES;
				SDKROOT = iphoneos;
				SWIFT_ACTIVE_COMPILATION_CONDITIONS = DEBUG;
				SWIFT_OPTIMIZATION_LEVEL = "-Onone";
			};
			name = Debug;
		};
		8DC1C01823C6BFD6001C29BD /* Release */ = {
			isa = XCBuildConfiguration;
			buildSettings = {
				ALWAYS_SEARCH_USER_PATHS = NO;
				CLANG_ANALYZER_NONNULL = YES;
				CLANG_ANALYZER_NUMBER_OBJECT_CONVERSION = YES_AGGRESSIVE;
				CLANG_CXX_LANGUAGE_STANDARD = "gnu++14";
				CLANG_CXX_LIBRARY = "libc++";
				CLANG_ENABLE_MODULES = YES;
				CLANG_ENABLE_OBJC_ARC = YES;
				CLANG_ENABLE_OBJC_WEAK = YES;
				CLANG_WARN_BLOCK_CAPTURE_AUTORELEASING = YES;
				CLANG_WARN_BOOL_CONVERSION = YES;
				CLANG_WARN_COMMA = YES;
				CLANG_WARN_CONSTANT_CONVERSION = YES;
				CLANG_WARN_DEPRECATED_OBJC_IMPLEMENTATIONS = YES;
				CLANG_WARN_DIRECT_OBJC_ISA_USAGE = YES_ERROR;
				CLANG_WARN_DOCUMENTATION_COMMENTS = YES;
				CLANG_WARN_EMPTY_BODY = YES;
				CLANG_WARN_ENUM_CONVERSION = YES;
				CLANG_WARN_INFINITE_RECURSION = YES;
				CLANG_WARN_INT_CONVERSION = YES;
				CLANG_WARN_NON_LITERAL_NULL_CONVERSION = YES;
				CLANG_WARN_OBJC_IMPLICIT_RETAIN_SELF = YES;
				CLANG_WARN_OBJC_LITERAL_CONVERSION = YES;
				CLANG_WARN_OBJC_ROOT_CLASS = YES_ERROR;
				CLANG_WARN_RANGE_LOOP_ANALYSIS = YES;
				CLANG_WARN_STRICT_PROTOTYPES = YES;
				CLANG_WARN_SUSPICIOUS_MOVE = YES;
				CLANG_WARN_UNGUARDED_AVAILABILITY = YES_AGGRESSIVE;
				CLANG_WARN_UNREACHABLE_CODE = YES;
				CLANG_WARN__DUPLICATE_METHOD_MATCH = YES;
				COPY_PHASE_STRIP = NO;
				DEBUG_INFORMATION_FORMAT = "dwarf-with-dsym";
				ENABLE_NS_ASSERTIONS = NO;
				ENABLE_STRICT_OBJC_MSGSEND = YES;
				GCC_C_LANGUAGE_STANDARD = gnu11;
				GCC_NO_COMMON_BLOCKS = YES;
				GCC_WARN_64_TO_32_BIT_CONVERSION = YES;
				GCC_WARN_ABOUT_RETURN_TYPE = YES_ERROR;
				GCC_WARN_UNDECLARED_SELECTOR = YES;
				GCC_WARN_UNINITIALIZED_AUTOS = YES_AGGRESSIVE;
				GCC_WARN_UNUSED_FUNCTION = YES;
				GCC_WARN_UNUSED_VARIABLE = YES;
				IPHONEOS_DEPLOYMENT_TARGET = 13.2;
				MTL_ENABLE_DEBUG_INFO = NO;
				MTL_FAST_MATH = YES;
				SDKROOT = iphoneos;
				SWIFT_COMPILATION_MODE = wholemodule;
				SWIFT_OPTIMIZATION_LEVEL = "-O";
				VALIDATE_PRODUCT = YES;
			};
			name = Release;
		};
		8DC1C01A23C6BFD6001C29BD /* Debug */ = {
			isa = XCBuildConfiguration;
			buildSettings = {
				ASSETCATALOG_COMPILER_APPICON_NAME = AppIcon;
				CODE_SIGN_STYLE = Automatic;
				DEVELOPMENT_TEAM = XHN5S8Z76G;
				INFOPLIST_FILE = ReviewGitProject/Info.plist;
				LD_RUNPATH_SEARCH_PATHS = (
					"$(inherited)",
					"@executable_path/Frameworks",
				);
				PRODUCT_BUNDLE_IDENTIFIER = com.nifty.cbm01799.ReviewGitProject;
				PRODUCT_NAME = "$(TARGET_NAME)";
				SWIFT_VERSION = 5.0;
				TARGETED_DEVICE_FAMILY = "1,2";
			};
			name = Debug;
		};
		8DC1C01B23C6BFD6001C29BD /* Release */ = {
			isa = XCBuildConfiguration;
			buildSettings = {
				ASSETCATALOG_COMPILER_APPICON_NAME = AppIcon;
				CODE_SIGN_STYLE = Automatic;
				DEVELOPMENT_TEAM = XHN5S8Z76G;
				INFOPLIST_FILE = ReviewGitProject/Info.plist;
				LD_RUNPATH_SEARCH_PATHS = (
					"$(inherited)",
					"@executable_path/Frameworks",
				);
				PRODUCT_BUNDLE_IDENTIFIER = com.nifty.cbm01799.ReviewGitProject;
				PRODUCT_NAME = "$(TARGET_NAME)";
				SWIFT_VERSION = 5.0;
				TARGETED_DEVICE_FAMILY = "1,2";
			};
			name = Release;
		};
/* End XCBuildConfiguration section */

/* Begin XCConfigurationList section */
		8DC1C00023C6BFD5001C29BD /* Build configuration list for PBXProject "ReviewGitProject" */ = {
			isa = XCConfigurationList;
			buildConfigurations = (
				8DC1C01723C6BFD6001C29BD /* Debug */,
				8DC1C01823C6BFD6001C29BD /* Release */,
			);
			defaultConfigurationIsVisible = 0;
			defaultConfigurationName = Release;
		};
		8DC1C01923C6BFD6001C29BD /* Build configuration list for PBXNativeTarget "ReviewGitProject" */ = {
			isa = XCConfigurationList;
			buildConfigurations = (
				8DC1C01A23C6BFD6001C29BD /* Debug */,
				8DC1C01B23C6BFD6001C29BD /* Release */,
			);
			defaultConfigurationIsVisible = 0;
			defaultConfigurationName = Release;
		};
/* End XCConfigurationList section */
	};
	rootObject = 8DC1BFFD23C6BFD5001C29BD /* Project object */;
}
